
Microsoft Visual Studio Solution File, Format Version 12.00
# Visual Studio Version 17
VisualStudioVersion = 17.13.35919.96 d17.13
MinimumVisualStudioVersion = 10.0.40219.1
Project("{FAE04EC0-301F-11D3-BF4B-00C04F79EFBC}") = "Monovera", "Monovera\Monovera.csproj", "{633A4F72-6D6B-4CA8-83C4-63C07671C571}"
EndProject
Global
	GlobalSection(SolutionConfigurationPlatforms) = preSolution
		Debug|Any CPU = Debug|Any CPU
		Release|Any CPU = Release|Any CPU
	EndGlobalSection
	GlobalSection(ProjectConfigurationPlatforms) = postSolution
		{633A4F72-6D6B-4CA8-83C4-63C07671C571}.Debug|Any CPU.ActiveCfg = Debug|Any CPU
		{633A4F72-6D6B-4CA8-83C4-63C07671C571}.Debug|Any CPU.Build.0 = Debug|Any CPU
		{633A4F72-6D6B-4CA8-83C4-63C07671C571}.Release|Any CPU.ActiveCfg = Release|Any CPU
		{633A4F72-6D6B-4CA8-83C4-63C07671C571}.Release|Any CPU.Build.0 = Release|Any CPU
	EndGlobalSection
	GlobalSection(SolutionProperties) = preSolution
		HideSolutionNode = FALSE
	EndGlobalSection
	GlobalSection(ExtensibilityGlobals) = postSolution
		SolutionGuid = {A73BF636-C467-4521-9D0C-F56B207ADF14}
	EndGlobalSection
EndGlobal
